{
  "name": "jslingua",
  "version": "0.4.0",
  "lockfileVersion": 1,
  "requires": true,
  "dependencies": {
    "expect.js": {
      "version": "0.3.1",
      "resolved": "https://registry.npmjs.org/expect.js/-/expect.js-0.3.1.tgz",
      "integrity": "sha1-sKWaDS7/VDdUTr8M6qYBWEHQm1s="
    },
    "uglify-js": {
      "version": "3.0.26",
      "resolved": "https://registry.npmjs.org/uglify-js/-/uglify-js-3.0.26.tgz",
      "integrity": "sha512-+D/BjzuvT1oRMSkH0fuF3M/BCvDxDywmZasd1UTPPHsdsHZqJEAZSvrojgFlS7lrM3ZZWq5h7Bb5i96X1TbOJw==",
      "dev": true,
      "requires": {
        "commander": "2.11.0",
        "source-map": "0.5.6"
      },
      "dependencies": {
        "commander": {
          "version": "2.11.0",
          "resolved": "https://registry.npmjs.org/commander/-/commander-2.11.0.tgz",
          "integrity": "sha512-b0553uYA5YAEGgyYIGYROzKQ7X5RAqedkfjiZxwi0kL1g3bOaBNNZfYkzt/CL0umgD5wc9Jec2FbB98CjkMRvQ==",
          "dev": true
        },
        "source-map": {
          "version": "0.5.6",
          "resolved": "https://registry.npmjs.org/source-map/-/source-map-0.5.6.tgz",
          "integrity": "sha1-dc449SvwczxafwwRjYEzSiu19BI=",
          "dev": true
        }
      }
    }
  }
}
